
Microsoft Visual Studio Solution File, Format Version 12.00
# Visual Studio Version 17
VisualStudioVersion = 17.0.32126.317
MinimumVisualStudioVersion = 10.0.40219.1
Project("{FAE04EC0-301F-11D3-BF4B-00C04F79EFBC}") = "WpfApp1", "WpfApp1\WpfApp1.csproj", "{A3787621-F8E5-42D9-8DA7-999D182AD75C}"
EndProject
Global
	GlobalSection(SolutionConfigurationPlatforms) = preSolution
		Debug|Any CPU = Debug|Any CPU
		Release|Any CPU = Release|Any CPU
	EndGlobalSection
	GlobalSection(ProjectConfigurationPlatforms) = postSolution
		{A3787621-F8E5-42D9-8DA7-999D182AD75C}.Debug|Any CPU.ActiveCfg = Debug|Any CPU
		{A3787621-F8E5-42D9-8DA7-999D182AD75C}.Debug|Any CPU.Build.0 = Debug|Any CPU
		{A3787621-F8E5-42D9-8DA7-999D182AD75C}.Release|Any CPU.ActiveCfg = Release|Any CPU
		{A3787621-F8E5-42D9-8DA7-999D182AD75C}.Release|Any CPU.Build.0 = Release|Any CPU
	EndGlobalSection
	GlobalSection(SolutionProperties) = preSolution
		HideSolutionNode = FALSE
	EndGlobalSection
	GlobalSection(ExtensibilityGlobals) = postSolution
		SolutionGuid = {FED0194E-420A-443A-A2CD-2B556F42F6E2}
	EndGlobalSection
EndGlobal
